github.com/gethugothemes/hugo-modules/images v0.0.0-20250112030311-a0de82520a5a/go.mod h1:FKliP3qOW9diIcQeLtyZ0Hdhg3PL8bdAkC/6O+XtU90=
github.com/gethugothemes/hugo-modules/images v0.0.0-20251117073232-ef5b4666824c h1:CKXTwZWTyAPTmK355Xnlf/ndTjD3lhMDM0YmC+LjmhQ=
github.com/gethugothemes/hugo-modules/images v0.0.0-20251117073232-ef5b4666824c/go.mod h1:FKliP3qOW9diIcQeLtyZ0Hdhg3PL8bdAkC/6O+XtU90=
